
Microsoft Visual Studio Solution File, Format Version 12.00
# Visual Studio Version 17
VisualStudioVersion = 17.4.33213.308
MinimumVisualStudioVersion = 10.0.40219.1
Project("{2150E333-8FDC-42A3-9474-1A3956D46DE8}") = "Solution Items", "Solution Items", "{55CBDA16-9AF7-42BC-BBCF-6A59E81F7BC3}"
	ProjectSection(SolutionItems) = preProject
		.editorconfig = .editorconfig
		Build\CommonBuildProperties.items = Build\CommonBuildProperties.items
	EndProjectSection
EndProject
Project("{9A19103F-16F7-4668-BE54-9A1E7A4F7556}") = "Runtime", "..\Runtime\Runtime.csproj", "{D49FD296-62AA-4C97-9265-06201FF76BB6}"
EndProject
Project("{9A19103F-16F7-4668-BE54-9A1E7A4F7556}") = "Gui", "Gui\Gui.csproj", "{4F1856B8-5E76-4767-AA01-881AB514DD8D}"
EndProject
Project("{9A19103F-16F7-4668-BE54-9A1E7A4F7556}") = "Core", "Core\Core.csproj", "{32899970-0E99-4DEB-A27C-43AAD6299F3F}"
EndProject
Project("{9A19103F-16F7-4668-BE54-9A1E7A4F7556}") = "Cli", "Cli\Cli.csproj", "{7C1D87D8-C71A-40FA-97E3-2ACDBECDEE92}"
EndProject
Project("{9A19103F-16F7-4668-BE54-9A1E7A4F7556}") = "UnitTests", "Pytocs.Tests\UnitTests.csproj", "{4A4B8856-2696-4ABF-895C-EB4F1D13EA03}"
EndProject
Project("{2150E333-8FDC-42A3-9474-1A3956D46DE8}") = "Tests", "Tests", "{18B7ABDD-2A4A-43E1-886F-9F7DE2294D93}"
EndProject
Project("{2150E333-8FDC-42A3-9474-1A3956D46DE8}") = "Extensions", "Extensions", "{0FB69E9E-094C-4244-AAB5-3EFA8D305BC4}"
EndProject
Project("{9A19103F-16F7-4668-BE54-9A1E7A4F7556}") = "TorchCs", "Extensions\TorchCs\TorchCs.csproj", "{B4D410DD-487C-4894-BC10-2EEA06E4DEF2}"
EndProject
Global
	GlobalSection(SolutionConfigurationPlatforms) = preSolution
		Debug|Any CPU = Debug|Any CPU
		Release|Any CPU = Release|Any CPU
	EndGlobalSection
	GlobalSection(ProjectConfigurationPlatforms) = postSolution
		{D49FD296-62AA-4C97-9265-06201FF76BB6}.Debug|Any CPU.ActiveCfg = Debug|Any CPU
		{D49FD296-62AA-4C97-9265-06201FF76BB6}.Debug|Any CPU.Build.0 = Debug|Any CPU
		{D49FD296-62AA-4C97-9265-06201FF76BB6}.Release|Any CPU.ActiveCfg = Release|Any CPU
		{D49FD296-62AA-4C97-9265-06201FF76BB6}.Release|Any CPU.Build.0 = Release|Any CPU
		{4F1856B8-5E76-4767-AA01-881AB514DD8D}.Debug|Any CPU.ActiveCfg = Debug|Any CPU
		{4F1856B8-5E76-4767-AA01-881AB514DD8D}.Debug|Any CPU.Build.0 = Debug|Any CPU
		{4F1856B8-5E76-4767-AA01-881AB514DD8D}.Release|Any CPU.ActiveCfg = Release|Any CPU
		{4F1856B8-5E76-4767-AA01-881AB514DD8D}.Release|Any CPU.Build.0 = Release|Any CPU
		{32899970-0E99-4DEB-A27C-43AAD6299F3F}.Debug|Any CPU.ActiveCfg = Debug|Any CPU
		{32899970-0E99-4DEB-A27C-43AAD6299F3F}.Debug|Any CPU.Build.0 = Debug|Any CPU
		{32899970-0E99-4DEB-A27C-43AAD6299F3F}.Release|Any CPU.ActiveCfg = Release|Any CPU
		{32899970-0E99-4DEB-A27C-43AAD6299F3F}.Release|Any CPU.Build.0 = Release|Any CPU
		{7C1D87D8-C71A-40FA-97E3-2ACDBECDEE92}.Debug|Any CPU.ActiveCfg = Debug|Any CPU
		{7C1D87D8-C71A-40FA-97E3-2ACDBECDEE92}.Debug|Any CPU.Build.0 = Debug|Any CPU
		{7C1D87D8-C71A-40FA-97E3-2ACDBECDEE92}.Release|Any CPU.ActiveCfg = Release|Any CPU
		{7C1D87D8-C71A-40FA-97E3-2ACDBECDEE92}.Release|Any CPU.Build.0 = Release|Any CPU
		{4A4B8856-2696-4ABF-895C-EB4F1D13EA03}.Debug|Any CPU.ActiveCfg = Debug|Any CPU
		{4A4B8856-2696-4ABF-895C-EB4F1D13EA03}.Debug|Any CPU.Build.0 = Debug|Any CPU
		{4A4B8856-2696-4ABF-895C-EB4F1D13EA03}.Release|Any CPU.ActiveCfg = Release|Any CPU
		{4A4B8856-2696-4ABF-895C-EB4F1D13EA03}.Release|Any CPU.Build.0 = Release|Any CPU
		{B4D410DD-487C-4894-BC10-2EEA06E4DEF2}.Debug|Any CPU.ActiveCfg = Debug|Any CPU
		{B4D410DD-487C-4894-BC10-2EEA06E4DEF2}.Debug|Any CPU.Build.0 = Debug|Any CPU
		{B4D410DD-487C-4894-BC10-2EEA06E4DEF2}.Release|Any CPU.ActiveCfg = Release|Any CPU
		{B4D410DD-487C-4894-BC10-2EEA06E4DEF2}.Release|Any CPU.Build.0 = Release|Any CPU
	EndGlobalSection
	GlobalSection(SolutionProperties) = preSolution
		HideSolutionNode = FALSE
	EndGlobalSection
	GlobalSection(NestedProjects) = preSolution
		{4A4B8856-2696-4ABF-895C-EB4F1D13EA03} = {18B7ABDD-2A4A-43E1-886F-9F7DE2294D93}
		{B4D410DD-487C-4894-BC10-2EEA06E4DEF2} = {0FB69E9E-094C-4244-AAB5-3EFA8D305BC4}
	EndGlobalSection
	GlobalSection(ExtensibilityGlobals) = postSolution
		SolutionGuid = {398BE0C7-28BC-428C-BD32-BE594FCA65FA}
	EndGlobalSection
EndGlobal
